
Microsoft Visual Studio Solution File, Format Version 12.00
# Visual Studio Version 17
VisualStudioVersion = 17.4.33122.133
MinimumVisualStudioVersion = 10.0.40219.1
Project("{FAE04EC0-301F-11D3-BF4B-00C04F79EFBC}") = "FinalProject", "FinalProject\FinalProject.csproj", "{7B3F6CBE-87DC-4236-A88E-28C1BEFB7308}"
EndProject
Global
	GlobalSection(SolutionConfigurationPlatforms) = preSolution
		Debug|Any CPU = Debug|Any CPU
		Release|Any CPU = Release|Any CPU
	EndGlobalSection
	GlobalSection(ProjectConfigurationPlatforms) = postSolution
		{7B3F6CBE-87DC-4236-A88E-28C1BEFB7308}.Debug|Any CPU.ActiveCfg = Debug|Any CPU
		{7B3F6CBE-87DC-4236-A88E-28C1BEFB7308}.Debug|Any CPU.Build.0 = Debug|Any CPU
		{7B3F6CBE-87DC-4236-A88E-28C1BEFB7308}.Release|Any CPU.ActiveCfg = Release|Any CPU
		{7B3F6CBE-87DC-4236-A88E-28C1BEFB7308}.Release|Any CPU.Build.0 = Release|Any CPU
	EndGlobalSection
	GlobalSection(SolutionProperties) = preSolution
		HideSolutionNode = FALSE
	EndGlobalSection
	GlobalSection(ExtensibilityGlobals) = postSolution
		SolutionGuid = {423C7990-18FA-43A4-B47E-4875FCCD86F5}
	EndGlobalSection
EndGlobal
